packages:
  - name: dbt_utils
    package: dbt-labs/dbt_utils
    version: 1.3.3
  - name: audit_helper
    package: dbt-labs/audit_helper
    version: 0.13.0
  - git: https://github.com/ayomeer/dbt_ili_utils.git
    name: ili_utils
    revision: aa5b844468a0a2144fd7c7317072c33c12b4e92f
  - git: https://github.com/ayomeer/dbt_audit_utils.git
    name: audit_utils
    revision: 8b1d0f4c51e474ed9c7c3e2485aa38e371f45beb
sha1_hash: ed3f9cb4a64505d403f2990892b165fc79dbe195
